// !$*UTF8*$!
{
	archiveVersion = 1;
	classes = {
	};
	objectVersion = 46;
	objects = {

/* Begin PBXBuildFile section */
		0F2164BF1B988E10000BC826 /* Roboto-Black.ttf in Resources */ = {isa = PBXBuildFile; fileRef = 0F2164AD1B988E10000BC826 /* Roboto-Black.ttf */; };
		0F2164C01B988E10000BC826 /* Roboto-BlackItalic.ttf in Resources */ = {isa = PBXBuildFile; fileRef = 0F2164AE1B988E10000BC826 /* Roboto-BlackItalic.ttf */; };
		0F2164C11B988E10000BC826 /* Roboto-Bold.ttf in Resources */ = {isa = PBXBuildFile; fileRef = 0F2164AF1B988E10000BC826 /* Roboto-Bold.ttf */; };
		0F2164C21B988E10000BC826 /* Roboto-BoldItalic.ttf in Resources */ = {isa = PBXBuildFile; fileRef = 0F2164B01B988E10000BC826 /* Roboto-BoldItalic.ttf */; };
		0F2164C31B988E10000BC826 /* Roboto-Italic.ttf in Resources */ = {isa = PBXBuildFile; fileRef = 0F2164B11B988E10000BC826 /* Roboto-Italic.ttf */; };
		0F2164C41B988E10000BC826 /* Roboto-Light.ttf in Resources */ = {isa = PBXBuildFile; fileRef = 0F2164B21B988E10000BC826 /* Roboto-Light.ttf */; };
		0F2164C51B988E10000BC826 /* Roboto-LightItalic.ttf in Resources */ = {isa = PBXBuildFile; fileRef = 0F2164B31B988E10000BC826 /* Roboto-LightItalic.ttf */; };
		0F2164C61B988E10000BC826 /* Roboto-Medium.ttf in Resources */ = {isa = PBXBuildFile; fileRef = 0F2164B41B988E10000BC826 /* Roboto-Medium.ttf */; };
		0F2164C71B988E10000BC826 /* Roboto-MediumItalic.ttf in Resources */ = {isa = PBXBuildFile; fileRef = 0F2164B51B988E10000BC826 /* Roboto-MediumItalic.ttf */; };
		0F2164C81B988E10000BC826 /* Roboto-Regular.ttf in Resources */ = {isa = PBXBuildFile; fileRef = 0F2164B61B988E10000BC826 /* Roboto-Regular.ttf */; };
		0F2164C91B988E10000BC826 /* Roboto-Thin.ttf in Resources */ = {isa = PBXBuildFile; fileRef = 0F2164B71B988E10000BC826 /* Roboto-Thin.ttf */; };
		0F2164CA1B988E10000BC826 /* Roboto-ThinItalic.ttf in Resources */ = {isa = PBXBuildFile; fileRef = 0F2164B81B988E10000BC826 /* Roboto-ThinItalic.ttf */; };
		0F2164CB1B988E10000BC826 /* RobotoCondensed-Bold.ttf in Resources */ = {isa = PBXBuildFile; fileRef = 0F2164B91B988E10000BC826 /* RobotoCondensed-Bold.ttf */; };
		0F2164CC1B988E10000BC826 /* RobotoCondensed-BoldItalic.ttf in Resources */ = {isa = PBXBuildFile; fileRef = 0F2164BA1B988E10000BC826 /* RobotoCondensed-BoldItalic.ttf */; };
		0F2164CD1B988E10000BC826 /* RobotoCondensed-Italic.ttf in Resources */ = {isa = PBXBuildFile; fileRef = 0F2164BB1B988E10000BC826 /* RobotoCondensed-Italic.ttf */; };
		0F2164CE1B988E10000BC826 /* RobotoCondensed-Light.ttf in Resources */ = {isa = PBXBuildFile; fileRef = 0F2164BC1B988E10000BC826 /* RobotoCondensed-Light.ttf */; };
		0F2164CF1B988E10000BC826 /* RobotoCondensed-LightItalic.ttf in Resources */ = {isa = PBXBuildFile; fileRef = 0F2164BD1B988E10000BC826 /* RobotoCondensed-LightItalic.ttf */; };
		0F2164D01B988E10000BC826 /* RobotoCondensed-Regular.ttf in Resources */ = {isa = PBXBuildFile; fileRef = 0F2164BE1B988E10000BC826 /* RobotoCondensed-Regular.ttf */; };
		0F2164E01B98AD99000BC826 /* Popup.m in Sources */ = {isa = PBXBuildFile; fileRef = 0F2164DF1B98AD99000BC826 /* Popup.m */; };
		0F2656FD1B9A3E8100DAD1ED /* CustomPopoverController.m in Sources */ = {isa = PBXBuildFile; fileRef = 0F2656FC1B9A3E8100DAD1ED /* CustomPopoverController.m */; };
		0F63298D1CC7038A00C9DB2B /* DownPicker.m in Sources */ = {isa = PBXBuildFile; fileRef = 0F63298A1CC7038A00C9DB2B /* DownPicker.m */; };
		0F63298E1CC7038A00C9DB2B /* UIDownPicker.m in Sources */ = {isa = PBXBuildFile; fileRef = 0F63298C1CC7038A00C9DB2B /* UIDownPicker.m */; };
		0FE43F1F1B9F294E000A954A /* MGSwipeButton.m in Sources */ = {isa = PBXBuildFile; fileRef = 0FE43F1C1B9F294E000A954A /* MGSwipeButton.m */; };
		0FE43F201B9F294E000A954A /* MGSwipeTableCell.m in Sources */ = {isa = PBXBuildFile; fileRef = 0FE43F1E1B9F294E000A954A /* MGSwipeTableCell.m */; };
		0FE43F741B9FA2A4000A954A /* Launch Screen.xib in Resources */ = {isa = PBXBuildFile; fileRef = 0FE43F731B9FA2A4000A954A /* Launch Screen.xib */; };
		0FECB5821CF3575300B6C43B /* nomad_selected.png in Resources */ = {isa = PBXBuildFile; fileRef = 0FECB57C1CF3575300B6C43B /* nomad_selected.png */; };
		0FECB5831CF3575300B6C43B /* nomad_selected@2x.png in Resources */ = {isa = PBXBuildFile; fileRef = 0FECB57D1CF3575300B6C43B /* nomad_selected@2x.png */; };
		0FECB5841CF3575300B6C43B /* nomad_selected@3x.png in Resources */ = {isa = PBXBuildFile; fileRef = 0FECB57E1CF3575300B6C43B /* nomad_selected@3x.png */; };
		0FECB5851CF3575300B6C43B /* walker_selected.png in Resources */ = {isa = PBXBuildFile; fileRef = 0FECB57F1CF3575300B6C43B /* walker_selected.png */; };
		0FECB5861CF3575300B6C43B /* walker_selected@2x.png in Resources */ = {isa = PBXBuildFile; fileRef = 0FECB5801CF3575300B6C43B /* walker_selected@2x.png */; };
		0FECB5871CF3575300B6C43B /* walker_selected@3x.png in Resources */ = {isa = PBXBuildFile; fileRef = 0FECB5811CF3575300B6C43B /* walker_selected@3x.png */; };
		4384A37F2200AE7800DFF5BE /* CoreBluetooth.framework in Frameworks */ = {isa = PBXBuildFile; fileRef = F02F270C1997BC1200813BA7 /* CoreBluetooth.framework */; };
		4384A3802200AE8200DFF5BE /* AudioToolbox.framework in Frameworks */ = {isa = PBXBuildFile; fileRef = F02F271E1997BC9700813BA7 /* AudioToolbox.framework */; };
		4384A3812200AE8200DFF5BE /* CoreAudio.framework in Frameworks */ = {isa = PBXBuildFile; fileRef = F02F27201997BCA100813BA7 /* CoreAudio.framework */; };
		4384A3822200AE8800DFF5BE /* SystemConfiguration.framework in Frameworks */ = {isa = PBXBuildFile; fileRef = F02F27161997BC6E00813BA7 /* SystemConfiguration.framework */; };
		4384A3832200AE8E00DFF5BE /* ExternalAccessory.framework in Frameworks */ = {isa = PBXBuildFile; fileRef = F02F270A1997BC0A00813BA7 /* ExternalAccessory.framework */; };
		4384A3842200AE9900DFF5BE /* QuartzCore.framework in Frameworks */ = {isa = PBXBuildFile; fileRef = F02F27101997BC2D00813BA7 /* QuartzCore.framework */; };
		4384A3852200AEB100DFF5BE /* AVFoundation.framework in Frameworks */ = {isa = PBXBuildFile; fileRef = F02F270E1997BC2000813BA7 /* AVFoundation.framework */; };
		4384A3862200AEF700DFF5BE /* CoreLocation.framework in Frameworks */ = {isa = PBXBuildFile; fileRef = F08347A2199AF9AF0002180E /* CoreLocation.framework */; };
		4384A3872200AF3900DFF5BE /* MediaPlayer.framework in Frameworks */ = {isa = PBXBuildFile; fileRef = F02F27141997BC4100813BA7 /* MediaPlayer.framework */; };
		43CDD1A22200A9D200D30098 /* mPosAPI.framework in Frameworks */ = {isa = PBXBuildFile; fileRef = 43CDD1A12200A9D200D30098 /* mPosAPI.framework */; };
		43CDD1A52200AA4E00D30098 /* CoreFoundation.framework in Frameworks */ = {isa = PBXBuildFile; fileRef = F02F27221997BCA700813BA7 /* CoreFoundation.framework */; };
		43CDD1A62200AA4E00D30098 /* Foundation.framework in Frameworks */ = {isa = PBXBuildFile; fileRef = F02F271A1997BC8100813BA7 /* Foundation.framework */; };
		F0571DF81997B84600F516C5 /* main.m in Sources */ = {isa = PBXBuildFile; fileRef = F0571DF71997B84600F516C5 /* main.m */; };
		F0571DFE1997B84600F516C5 /* ViewController.m in Sources */ = {isa = PBXBuildFile; fileRef = F0571DFD1997B84600F516C5 /* ViewController.m */; };
		F0571E011997B84600F516C5 /* Main.storyboard in Resources */ = {isa = PBXBuildFile; fileRef = F0571DFF1997B84600F516C5 /* Main.storyboard */; };
		F0571E031997B84600F516C5 /* Images.xcassets in Resources */ = {isa = PBXBuildFile; fileRef = F0571E021997B84600F516C5 /* Images.xcassets */; };
		F0571E0F1997B84700F516C5 /* BancomerMovilTests.m in Sources */ = {isa = PBXBuildFile; fileRef = F0571E0E1997B84700F516C5 /* BancomerMovilTests.m */; };
		F083479F199AF8900002180E /* AppDelegate.mm in Sources */ = {isa = PBXBuildFile; fileRef = F083479E199AF8900002180E /* AppDelegate.mm */; };
/* End PBXBuildFile section */

/* Begin PBXContainerItemProxy section */
		F02F27241997BDB200813BA7 /* PBXContainerItemProxy */ = {
			isa = PBXContainerItemProxy;
			containerPortal = F0571DEA1997B84600F516C5 /* Project object */;
			proxyType = 1;
			remoteGlobalIDString = F0571DF11997B84600F516C5;
			remoteInfo = BancomerMovil;
		};
		F0571E091997B84700F516C5 /* PBXContainerItemProxy */ = {
			isa = PBXContainerItemProxy;
			containerPortal = F0571DEA1997B84600F516C5 /* Project object */;
			proxyType = 1;
			remoteGlobalIDString = F0571DF11997B84600F516C5;
			remoteInfo = BancomerMovil;
		};
/* End PBXContainerItemProxy section */

/* Begin PBXFileReference section */
		0F2164AD1B988E10000BC826 /* Roboto-Black.ttf */ = {isa = PBXFileReference; lastKnownFileType = file; path = "Roboto-Black.ttf"; sourceTree = "<group>"; };
		0F2164AE1B988E10000BC826 /* Roboto-BlackItalic.ttf */ = {isa = PBXFileReference; lastKnownFileType = file; path = "Roboto-BlackItalic.ttf"; sourceTree = "<group>"; };
		0F2164AF1B988E10000BC826 /* Roboto-Bold.ttf */ = {isa = PBXFileReference; lastKnownFileType = file; path = "Roboto-Bold.ttf"; sourceTree = "<group>"; };
		0F2164B01B988E10000BC826 /* Roboto-BoldItalic.ttf */ = {isa = PBXFileReference; lastKnownFileType = file; path = "Roboto-BoldItalic.ttf"; sourceTree = "<group>"; };
		0F2164B11B988E10000BC826 /* Roboto-Italic.ttf */ = {isa = PBXFileReference; lastKnownFileType = file; path = "Roboto-Italic.ttf"; sourceTree = "<group>"; };
		0F2164B21B988E10000BC826 /* Roboto-Light.ttf */ = {isa = PBXFileReference; lastKnownFileType = file; path = "Roboto-Light.ttf"; sourceTree = "<group>"; };
		0F2164B31B988E10000BC826 /* Roboto-LightItalic.ttf */ = {isa = PBXFileReference; lastKnownFileType = file; path = "Roboto-LightItalic.ttf"; sourceTree = "<group>"; };
		0F2164B41B988E10000BC826 /* Roboto-Medium.ttf */ = {isa = PBXFileReference; lastKnownFileType = file; path = "Roboto-Medium.ttf"; sourceTree = "<group>"; };
		0F2164B51B988E10000BC826 /* Roboto-MediumItalic.ttf */ = {isa = PBXFileReference; lastKnownFileType = file; path = "Roboto-MediumItalic.ttf"; sourceTree = "<group>"; };
		0F2164B61B988E10000BC826 /* Roboto-Regular.ttf */ = {isa = PBXFileReference; lastKnownFileType = file; path = "Roboto-Regular.ttf"; sourceTree = "<group>"; };
		0F2164B71B988E10000BC826 /* Roboto-Thin.ttf */ = {isa = PBXFileReference; lastKnownFileType = file; path = "Roboto-Thin.ttf"; sourceTree = "<group>"; };
		0F2164B81B988E10000BC826 /* Roboto-ThinItalic.ttf */ = {isa = PBXFileReference; lastKnownFileType = file; path = "Roboto-ThinItalic.ttf"; sourceTree = "<group>"; };
		0F2164B91B988E10000BC826 /* RobotoCondensed-Bold.ttf */ = {isa = PBXFileReference; lastKnownFileType = file; path = "RobotoCondensed-Bold.ttf"; sourceTree = "<group>"; };
		0F2164BA1B988E10000BC826 /* RobotoCondensed-BoldItalic.ttf */ = {isa = PBXFileReference; lastKnownFileType = file; path = "RobotoCondensed-BoldItalic.ttf"; sourceTree = "<group>"; };
		0F2164BB1B988E10000BC826 /* RobotoCondensed-Italic.ttf */ = {isa = PBXFileReference; lastKnownFileType = file; path = "RobotoCondensed-Italic.ttf"; sourceTree = "<group>"; };
		0F2164BC1B988E10000BC826 /* RobotoCondensed-Light.ttf */ = {isa = PBXFileReference; lastKnownFileType = file; path = "RobotoCondensed-Light.ttf"; sourceTree = "<group>"; };
		0F2164BD1B988E10000BC826 /* RobotoCondensed-LightItalic.ttf */ = {isa = PBXFileReference; lastKnownFileType = file; path = "RobotoCondensed-LightItalic.ttf"; sourceTree = "<group>"; };
		0F2164BE1B988E10000BC826 /* RobotoCondensed-Regular.ttf */ = {isa = PBXFileReference; lastKnownFileType = file; path = "RobotoCondensed-Regular.ttf"; sourceTree = "<group>"; };
		0F2164DE1B98AD99000BC826 /* Popup.h */ = {isa = PBXFileReference; fileEncoding = 4; lastKnownFileType = sourcecode.c.h; path = Popup.h; sourceTree = "<group>"; };
		0F2164DF1B98AD99000BC826 /* Popup.m */ = {isa = PBXFileReference; fileEncoding = 4; lastKnownFileType = sourcecode.c.objc; path = Popup.m; sourceTree = "<group>"; };
		0F2656FB1B9A3E8100DAD1ED /* CustomPopoverController.h */ = {isa = PBXFileReference; fileEncoding = 4; lastKnownFileType = sourcecode.c.h; path = CustomPopoverController.h; sourceTree = "<group>"; };
		0F2656FC1B9A3E8100DAD1ED /* CustomPopoverController.m */ = {isa = PBXFileReference; fileEncoding = 4; lastKnownFileType = sourcecode.c.objc; path = CustomPopoverController.m; sourceTree = "<group>"; };
		0F3438E01E94164000C35B87 /* libc++.tbd */ = {isa = PBXFileReference; lastKnownFileType = "sourcecode.text-based-dylib-definition"; name = "libc++.tbd"; path = "usr/lib/libc++.tbd"; sourceTree = SDKROOT; };
		0F3438E21E94164A00C35B87 /* libz.tbd */ = {isa = PBXFileReference; lastKnownFileType = "sourcecode.text-based-dylib-definition"; name = libz.tbd; path = usr/lib/libz.tbd; sourceTree = SDKROOT; };
		0F3438E41E94165C00C35B87 /* Security.framework */ = {isa = PBXFileReference; lastKnownFileType = wrapper.framework; name = Security.framework; path = System/Library/Frameworks/Security.framework; sourceTree = SDKROOT; };
		0F6329891CC7038A00C9DB2B /* DownPicker.h */ = {isa = PBXFileReference; fileEncoding = 4; lastKnownFileType = sourcecode.c.h; path = DownPicker.h; sourceTree = "<group>"; };
		0F63298A1CC7038A00C9DB2B /* DownPicker.m */ = {isa = PBXFileReference; fileEncoding = 4; lastKnownFileType = sourcecode.c.objc; path = DownPicker.m; sourceTree = "<group>"; };
		0F63298B1CC7038A00C9DB2B /* UIDownPicker.h */ = {isa = PBXFileReference; fileEncoding = 4; lastKnownFileType = sourcecode.c.h; path = UIDownPicker.h; sourceTree = "<group>"; };
		0F63298C1CC7038A00C9DB2B /* UIDownPicker.m */ = {isa = PBXFileReference; fileEncoding = 4; lastKnownFileType = sourcecode.c.objc; path = UIDownPicker.m; sourceTree = "<group>"; };
		0FE43F1B1B9F294E000A954A /* MGSwipeButton.h */ = {isa = PBXFileReference; fileEncoding = 4; lastKnownFileType = sourcecode.c.h; path = MGSwipeButton.h; sourceTree = "<group>"; };
		0FE43F1C1B9F294E000A954A /* MGSwipeButton.m */ = {isa = PBXFileReference; fileEncoding = 4; lastKnownFileType = sourcecode.c.objc; path = MGSwipeButton.m; sourceTree = "<group>"; };
		0FE43F1D1B9F294E000A954A /* MGSwipeTableCell.h */ = {isa = PBXFileReference; fileEncoding = 4; lastKnownFileType = sourcecode.c.h; path = MGSwipeTableCell.h; sourceTree = "<group>"; };
		0FE43F1E1B9F294E000A954A /* MGSwipeTableCell.m */ = {isa = PBXFileReference; fileEncoding = 4; lastKnownFileType = sourcecode.c.objc; path = MGSwipeTableCell.m; sourceTree = "<group>"; };
		0FE43F731B9FA2A4000A954A /* Launch Screen.xib */ = {isa = PBXFileReference; fileEncoding = 4; lastKnownFileType = file.xib; path = "Launch Screen.xib"; sourceTree = "<group>"; };
		0FECB57C1CF3575300B6C43B /* nomad_selected.png */ = {isa = PBXFileReference; lastKnownFileType = image.png; path = nomad_selected.png; sourceTree = "<group>"; };
		0FECB57D1CF3575300B6C43B /* nomad_selected@2x.png */ = {isa = PBXFileReference; lastKnownFileType = image.png; path = "nomad_selected@2x.png"; sourceTree = "<group>"; };
		0FECB57E1CF3575300B6C43B /* nomad_selected@3x.png */ = {isa = PBXFileReference; lastKnownFileType = image.png; path = "nomad_selected@3x.png"; sourceTree = "<group>"; };
		0FECB57F1CF3575300B6C43B /* walker_selected.png */ = {isa = PBXFileReference; lastKnownFileType = image.png; path = walker_selected.png; sourceTree = "<group>"; };
		0FECB5801CF3575300B6C43B /* walker_selected@2x.png */ = {isa = PBXFileReference; lastKnownFileType = image.png; path = "walker_selected@2x.png"; sourceTree = "<group>"; };
		0FECB5811CF3575300B6C43B /* walker_selected@3x.png */ = {isa = PBXFileReference; lastKnownFileType = image.png; path = "walker_selected@3x.png"; sourceTree = "<group>"; };
		431E00DC2200A4840031471B /* mPosAPI.framework */ = {isa = PBXFileReference; lastKnownFileType = wrapper.framework; path = mPosAPI.framework; sourceTree = "<group>"; };
		431E00DE2200A4950031471B /* mPosAPI.framework */ = {isa = PBXFileReference; lastKnownFileType = wrapper.framework; name = mPosAPI.framework; path = "../MPM-iOS/mPosAPI.framework"; sourceTree = "<group>"; };
		43CDD1A12200A9D200D30098 /* mPosAPI.framework */ = {isa = PBXFileReference; lastKnownFileType = wrapper.framework; name = mPosAPI.framework; path = "../mPOS-iOS/mPosAPI.framework"; sourceTree = "<group>"; };
		F02F270A1997BC0A00813BA7 /* ExternalAccessory.framework */ = {isa = PBXFileReference; lastKnownFileType = wrapper.framework; name = ExternalAccessory.framework; path = System/Library/Frameworks/ExternalAccessory.framework; sourceTree = SDKROOT; };
		F02F270C1997BC1200813BA7 /* CoreBluetooth.framework */ = {isa = PBXFileReference; lastKnownFileType = wrapper.framework; name = CoreBluetooth.framework; path = System/Library/Frameworks/CoreBluetooth.framework; sourceTree = SDKROOT; };
		F02F270E1997BC2000813BA7 /* AVFoundation.framework */ = {isa = PBXFileReference; lastKnownFileType = wrapper.framework; name = AVFoundation.framework; path = System/Library/Frameworks/AVFoundation.framework; sourceTree = SDKROOT; };
		F02F27101997BC2D00813BA7 /* QuartzCore.framework */ = {isa = PBXFileReference; lastKnownFileType = wrapper.framework; name = QuartzCore.framework; path = System/Library/Frameworks/QuartzCore.framework; sourceTree = SDKROOT; };
		F02F27121997BC3500813BA7 /* MessageUI.framework */ = {isa = PBXFileReference; lastKnownFileType = wrapper.framework; name = MessageUI.framework; path = System/Library/Frameworks/MessageUI.framework; sourceTree = SDKROOT; };
		F02F27141997BC4100813BA7 /* MediaPlayer.framework */ = {isa = PBXFileReference; lastKnownFileType = wrapper.framework; name = MediaPlayer.framework; path = System/Library/Frameworks/MediaPlayer.framework; sourceTree = SDKROOT; };
		F02F27161997BC6E00813BA7 /* SystemConfiguration.framework */ = {isa = PBXFileReference; lastKnownFileType = wrapper.framework; name = SystemConfiguration.framework; path = System/Library/Frameworks/SystemConfiguration.framework; sourceTree = SDKROOT; };
		F02F27181997BC7700813BA7 /* UIKit.framework */ = {isa = PBXFileReference; lastKnownFileType = wrapper.framework; name = UIKit.framework; path = System/Library/Frameworks/UIKit.framework; sourceTree = SDKROOT; };
		F02F271A1997BC8100813BA7 /* Foundation.framework */ = {isa = PBXFileReference; lastKnownFileType = wrapper.framework; name = Foundation.framework; path = System/Library/Frameworks/Foundation.framework; sourceTree = SDKROOT; };
		F02F271C1997BC8800813BA7 /* CoreGraphics.framework */ = {isa = PBXFileReference; lastKnownFileType = wrapper.framework; name = CoreGraphics.framework; path = System/Library/Frameworks/CoreGraphics.framework; sourceTree = SDKROOT; };
		F02F271E1997BC9700813BA7 /* AudioToolbox.framework */ = {isa = PBXFileReference; lastKnownFileType = wrapper.framework; name = AudioToolbox.framework; path = System/Library/Frameworks/AudioToolbox.framework; sourceTree = SDKROOT; };
		F02F27201997BCA100813BA7 /* CoreAudio.framework */ = {isa = PBXFileReference; lastKnownFileType = wrapper.framework; name = CoreAudio.framework; path = System/Library/Frameworks/CoreAudio.framework; sourceTree = SDKROOT; };
		F02F27221997BCA700813BA7 /* CoreFoundation.framework */ = {isa = PBXFileReference; lastKnownFileType = wrapper.framework; name = CoreFoundation.framework; path = System/Library/Frameworks/CoreFoundation.framework; sourceTree = SDKROOT; };
		F0571DF21997B84600F516C5 /* Nomad-Example-ObjC.app */ = {isa = PBXFileReference; explicitFileType = wrapper.application; includeInIndex = 0; path = "Nomad-Example-ObjC.app"; sourceTree = BUILT_PRODUCTS_DIR; };
		F0571DF61997B84600F516C5 /* Info.plist */ = {isa = PBXFileReference; lastKnownFileType = text.plist.xml; path = Info.plist; sourceTree = "<group>"; };
		F0571DF71997B84600F516C5 /* main.m */ = {isa = PBXFileReference; lastKnownFileType = sourcecode.c.objc; path = main.m; sourceTree = "<group>"; };
		F0571DF91997B84600F516C5 /* AppDelegate.h */ = {isa = PBXFileReference; lastKnownFileType = sourcecode.c.h; path = AppDelegate.h; sourceTree = "<group>"; };
		F0571DFC1997B84600F516C5 /* ViewController.h */ = {isa = PBXFileReference; lastKnownFileType = sourcecode.c.h; path = ViewController.h; sourceTree = "<group>"; };
		F0571DFD1997B84600F516C5 /* ViewController.m */ = {isa = PBXFileReference; lastKnownFileType = sourcecode.c.objc; path = ViewController.m; sourceTree = "<group>"; };
		F0571E001997B84600F516C5 /* Base */ = {isa = PBXFileReference; lastKnownFileType = file.storyboard; name = Base; path = Base.lproj/Main.storyboard; sourceTree = "<group>"; };
		F0571E021997B84600F516C5 /* Images.xcassets */ = {isa = PBXFileReference; lastKnownFileType = folder.assetcatalog; path = Images.xcassets; sourceTree = "<group>"; };
		F0571E081997B84700F516C5 /* Nomad-Example-ObjCTests.xctest */ = {isa = PBXFileReference; explicitFileType = wrapper.cfbundle; includeInIndex = 0; path = "Nomad-Example-ObjCTests.xctest"; sourceTree = BUILT_PRODUCTS_DIR; };
		F0571E0D1997B84700F516C5 /* Info.plist */ = {isa = PBXFileReference; lastKnownFileType = text.plist.xml; path = Info.plist; sourceTree = "<group>"; };
		F0571E0E1997B84700F516C5 /* BancomerMovilTests.m */ = {isa = PBXFileReference; lastKnownFileType = sourcecode.c.objc; path = BancomerMovilTests.m; sourceTree = "<group>"; };
		F083479E199AF8900002180E /* AppDelegate.mm */ = {isa = PBXFileReference; fileEncoding = 4; lastKnownFileType = sourcecode.cpp.objcpp; path = AppDelegate.mm; sourceTree = "<group>"; };
		F08347A2199AF9AF0002180E /* CoreLocation.framework */ = {isa = PBXFileReference; lastKnownFileType = wrapper.framework; name = CoreLocation.framework; path = System/Library/Frameworks/CoreLocation.framework; sourceTree = SDKROOT; };
/* End PBXFileReference section */

/* Begin PBXFrameworksBuildPhase section */
		F0571DEF1997B84600F516C5 /* Frameworks */ = {
			isa = PBXFrameworksBuildPhase;
			buildActionMask = 2147483647;
			files = (
				4384A3872200AF3900DFF5BE /* MediaPlayer.framework in Frameworks */,
				43CDD1A22200A9D200D30098 /* mPosAPI.framework in Frameworks */,
				4384A3862200AEF700DFF5BE /* CoreLocation.framework in Frameworks */,
				43CDD1A52200AA4E00D30098 /* CoreFoundation.framework in Frameworks */,
				4384A3812200AE8200DFF5BE /* CoreAudio.framework in Frameworks */,
				4384A3802200AE8200DFF5BE /* AudioToolbox.framework in Frameworks */,
				4384A3852200AEB100DFF5BE /* AVFoundation.framework in Frameworks */,
				4384A3842200AE9900DFF5BE /* QuartzCore.framework in Frameworks */,
				4384A3832200AE8E00DFF5BE /* ExternalAccessory.framework in Frameworks */,
				4384A3822200AE8800DFF5BE /* SystemConfiguration.framework in Frameworks */,
				4384A37F2200AE7800DFF5BE /* CoreBluetooth.framework in Frameworks */,
				43CDD1A62200AA4E00D30098 /* Foundation.framework in Frameworks */,
			);
			runOnlyForDeploymentPostprocessing = 0;
		};
		F0571E051997B84700F516C5 /* Frameworks */ = {
			isa = PBXFrameworksBuildPhase;
			buildActionMask = 2147483647;
			files = (
			);
			runOnlyForDeploymentPostprocessing = 0;
		};
/* End PBXFrameworksBuildPhase section */

/* Begin PBXGroup section */
		0F2164D11B988E16000BC826 /* Fonts */ = {
			isa = PBXGroup;
			children = (
				0FECB57C1CF3575300B6C43B /* nomad_selected.png */,
				0FECB57D1CF3575300B6C43B /* nomad_selected@2x.png */,
				0FECB57E1CF3575300B6C43B /* nomad_selected@3x.png */,
				0FECB57F1CF3575300B6C43B /* walker_selected.png */,
				0FECB5801CF3575300B6C43B /* walker_selected@2x.png */,
				0FECB5811CF3575300B6C43B /* walker_selected@3x.png */,
				0F2164AD1B988E10000BC826 /* Roboto-Black.ttf */,
				0F2164AE1B988E10000BC826 /* Roboto-BlackItalic.ttf */,
				0F2164AF1B988E10000BC826 /* Roboto-Bold.ttf */,
				0F2164B01B988E10000BC826 /* Roboto-BoldItalic.ttf */,
				0F2164B11B988E10000BC826 /* Roboto-Italic.ttf */,
				0F2164B21B988E10000BC826 /* Roboto-Light.ttf */,
				0F2164B31B988E10000BC826 /* Roboto-LightItalic.ttf */,
				0F2164B41B988E10000BC826 /* Roboto-Medium.ttf */,
				0F2164B51B988E10000BC826 /* Roboto-MediumItalic.ttf */,
				0F2164B61B988E10000BC826 /* Roboto-Regular.ttf */,
				0F2164B71B988E10000BC826 /* Roboto-Thin.ttf */,
				0F2164B81B988E10000BC826 /* Roboto-ThinItalic.ttf */,
				0F2164B91B988E10000BC826 /* RobotoCondensed-Bold.ttf */,
				0F2164BA1B988E10000BC826 /* RobotoCondensed-BoldItalic.ttf */,
				0F2164BB1B988E10000BC826 /* RobotoCondensed-Italic.ttf */,
				0F2164BC1B988E10000BC826 /* RobotoCondensed-Light.ttf */,
				0F2164BD1B988E10000BC826 /* RobotoCondensed-LightItalic.ttf */,
				0F2164BE1B988E10000BC826 /* RobotoCondensed-Regular.ttf */,
			);
			name = Fonts;
			sourceTree = "<group>";
		};
		0F3438DF1E94164000C35B87 /* Frameworks */ = {
			isa = PBXGroup;
			children = (
				431E00DC2200A4840031471B /* mPosAPI.framework */,
				431E00DE2200A4950031471B /* mPosAPI.framework */,
				43CDD1A12200A9D200D30098 /* mPosAPI.framework */,
				0F3438E41E94165C00C35B87 /* Security.framework */,
				0F3438E21E94164A00C35B87 /* libz.tbd */,
				0F3438E01E94164000C35B87 /* libc++.tbd */,
			);
			name = Frameworks;
			sourceTree = "<group>";
		};
		0FD3F74B1BAAFF7C00D55397 /* Framworks */ = {
			isa = PBXGroup;
			children = (
				F08347A2199AF9AF0002180E /* CoreLocation.framework */,
				F02F27221997BCA700813BA7 /* CoreFoundation.framework */,
				F02F27201997BCA100813BA7 /* CoreAudio.framework */,
				F02F271E1997BC9700813BA7 /* AudioToolbox.framework */,
				F02F271C1997BC8800813BA7 /* CoreGraphics.framework */,
				F02F271A1997BC8100813BA7 /* Foundation.framework */,
				F02F27181997BC7700813BA7 /* UIKit.framework */,
				F02F27161997BC6E00813BA7 /* SystemConfiguration.framework */,
				F02F27141997BC4100813BA7 /* MediaPlayer.framework */,
				F02F27121997BC3500813BA7 /* MessageUI.framework */,
				F02F27101997BC2D00813BA7 /* QuartzCore.framework */,
				F02F270E1997BC2000813BA7 /* AVFoundation.framework */,
				F02F270C1997BC1200813BA7 /* CoreBluetooth.framework */,
				F02F270A1997BC0A00813BA7 /* ExternalAccessory.framework */,
			);
			name = Framworks;
			sourceTree = "<group>";
		};
		0FE43F351B9F40A6000A954A /* Custom Classes */ = {
			isa = PBXGroup;
			children = (
				0F6329891CC7038A00C9DB2B /* DownPicker.h */,
				0F63298A1CC7038A00C9DB2B /* DownPicker.m */,
				0F63298B1CC7038A00C9DB2B /* UIDownPicker.h */,
				0F63298C1CC7038A00C9DB2B /* UIDownPicker.m */,
				0F2164DE1B98AD99000BC826 /* Popup.h */,
				0F2164DF1B98AD99000BC826 /* Popup.m */,
				0F2656FB1B9A3E8100DAD1ED /* CustomPopoverController.h */,
				0F2656FC1B9A3E8100DAD1ED /* CustomPopoverController.m */,
				0FE43F1B1B9F294E000A954A /* MGSwipeButton.h */,
				0FE43F1C1B9F294E000A954A /* MGSwipeButton.m */,
				0FE43F1D1B9F294E000A954A /* MGSwipeTableCell.h */,
				0FE43F1E1B9F294E000A954A /* MGSwipeTableCell.m */,
			);
			name = "Custom Classes";
			sourceTree = "<group>";
		};
		F0571DE91997B84600F516C5 = {
			isa = PBXGroup;
			children = (
				0FD3F74B1BAAFF7C00D55397 /* Framworks */,
				F0571DF41997B84600F516C5 /* BancomerMovil */,
				F0571E0B1997B84700F516C5 /* BancomerMovilTests */,
				F0571DF31997B84600F516C5 /* Products */,
				0F3438DF1E94164000C35B87 /* Frameworks */,
			);
			sourceTree = "<group>";
		};
		F0571DF31997B84600F516C5 /* Products */ = {
			isa = PBXGroup;
			children = (
				F0571DF21997B84600F516C5 /* Nomad-Example-ObjC.app */,
				F0571E081997B84700F516C5 /* Nomad-Example-ObjCTests.xctest */,
			);
			name = Products;
			sourceTree = "<group>";
		};
		F0571DF41997B84600F516C5 /* BancomerMovil */ = {
			isa = PBXGroup;
			children = (
				0F2164D11B988E16000BC826 /* Fonts */,
				F063FECE19A4DF3800525D31 /* Images */,
				F0571DF91997B84600F516C5 /* AppDelegate.h */,
				F083479E199AF8900002180E /* AppDelegate.mm */,
				F0571DFC1997B84600F516C5 /* ViewController.h */,
				F0571DFD1997B84600F516C5 /* ViewController.m */,
				0FE43F351B9F40A6000A954A /* Custom Classes */,
				F0571DFF1997B84600F516C5 /* Main.storyboard */,
				0FE43F731B9FA2A4000A954A /* Launch Screen.xib */,
				F0571E021997B84600F516C5 /* Images.xcassets */,
				F0571DF51997B84600F516C5 /* Supporting Files */,
			);
			path = BancomerMovil;
			sourceTree = "<group>";
		};
		F0571DF51997B84600F516C5 /* Supporting Files */ = {
			isa = PBXGroup;
			children = (
				F0571DF61997B84600F516C5 /* Info.plist */,
				F0571DF71997B84600F516C5 /* main.m */,
			);
			name = "Supporting Files";
			sourceTree = "<group>";
		};
		F0571E0B1997B84700F516C5 /* BancomerMovilTests */ = {
			isa = PBXGroup;
			children = (
				F0571E0E1997B84700F516C5 /* BancomerMovilTests.m */,
				F0571E0C1997B84700F516C5 /* Supporting Files */,
			);
			path = BancomerMovilTests;
			sourceTree = "<group>";
		};
		F0571E0C1997B84700F516C5 /* Supporting Files */ = {
			isa = PBXGroup;
			children = (
				F0571E0D1997B84700F516C5 /* Info.plist */,
			);
			name = "Supporting Files";
			sourceTree = "<group>";
		};
		F063FECE19A4DF3800525D31 /* Images */ = {
			isa = PBXGroup;
			children = (
			);
			name = Images;
			sourceTree = "<group>";
		};
/* End PBXGroup section */

/* Begin PBXNativeTarget section */
		F0571DF11997B84600F516C5 /* Nomad-Example-ObjC */ = {
			isa = PBXNativeTarget;
			buildConfigurationList = F0571E121997B84700F516C5 /* Build configuration list for PBXNativeTarget "Nomad-Example-ObjC" */;
			buildPhases = (
				F0571DEE1997B84600F516C5 /* Sources */,
				F0571DEF1997B84600F516C5 /* Frameworks */,
				F0571DF01997B84600F516C5 /* Resources */,
				0F3438DA1E9414D300C35B87 /* ShellScript */,
			);
			buildRules = (
			);
			dependencies = (
			);
			name = "Nomad-Example-ObjC";
			productName = BancomerMovil;
			productReference = F0571DF21997B84600F516C5 /* Nomad-Example-ObjC.app */;
			productType = "com.apple.product-type.application";
		};
		F0571E071997B84700F516C5 /* Nomad-Example-ObjCTests */ = {
			isa = PBXNativeTarget;
			buildConfigurationList = F0571E151997B84700F516C5 /* Build configuration list for PBXNativeTarget "Nomad-Example-ObjCTests" */;
			buildPhases = (
				F0571E041997B84700F516C5 /* Sources */,
				F0571E051997B84700F516C5 /* Frameworks */,
				F0571E061997B84700F516C5 /* Resources */,
			);
			buildRules = (
			);
			dependencies = (
				F0571E0A1997B84700F516C5 /* PBXTargetDependency */,
				F02F27251997BDB200813BA7 /* PBXTargetDependency */,
			);
			name = "Nomad-Example-ObjCTests";
			productName = BancomerMovilTests;
			productReference = F0571E081997B84700F516C5 /* Nomad-Example-ObjCTests.xctest */;
			productType = "com.apple.product-type.bundle.unit-test";
		};
/* End PBXNativeTarget section */

/* Begin PBXProject section */
		F0571DEA1997B84600F516C5 /* Project object */ = {
			isa = PBXProject;
			attributes = {
				LastUpgradeCheck = 1010;
				ORGANIZATIONNAME = "Ricardo Zertuche";
				TargetAttributes = {
					F0571DF11997B84600F516C5 = {
						CreatedOnToolsVersion = 6.0;
						DevelopmentTeam = MJE87L4R92;
						ProvisioningStyle = Automatic;
					};
					F0571E071997B84700F516C5 = {
						CreatedOnToolsVersion = 6.0;
						TestTargetID = F0571DF11997B84600F516C5;
					};
				};
			};
			buildConfigurationList = F0571DED1997B84600F516C5 /* Build configuration list for PBXProject "Nomad-Example-ObjC" */;
			compatibilityVersion = "Xcode 3.2";
			developmentRegion = English;
			hasScannedForEncodings = 0;
			knownRegions = (
				en,
				Base,
			);
			mainGroup = F0571DE91997B84600F516C5;
			productRefGroup = F0571DF31997B84600F516C5 /* Products */;
			projectDirPath = "";
			projectRoot = "";
			targets = (
				F0571DF11997B84600F516C5 /* Nomad-Example-ObjC */,
				F0571E071997B84700F516C5 /* Nomad-Example-ObjCTests */,
			);
		};
/* End PBXProject section */

/* Begin PBXResourcesBuildPhase section */
		F0571DF01997B84600F516C5 /* Resources */ = {
			isa = PBXResourcesBuildPhase;
			buildActionMask = 2147483647;
			files = (
				0FECB5831CF3575300B6C43B /* nomad_selected@2x.png in Resources */,
				0FE43F741B9FA2A4000A954A /* Launch Screen.xib in Resources */,
				0FECB5861CF3575300B6C43B /* walker_selected@2x.png in Resources */,
				0F2164C71B988E10000BC826 /* Roboto-MediumItalic.ttf in Resources */,
				0F2164C61B988E10000BC826 /* Roboto-Medium.ttf in Resources */,
				F0571E011997B84600F516C5 /* Main.storyboard in Resources */,
				0F2164C11B988E10000BC826 /* Roboto-Bold.ttf in Resources */,
				0F2164D01B988E10000BC826 /* RobotoCondensed-Regular.ttf in Resources */,
				0FECB5821CF3575300B6C43B /* nomad_selected.png in Resources */,
				0F2164CB1B988E10000BC826 /* RobotoCondensed-Bold.ttf in Resources */,
				0F2164CF1B988E10000BC826 /* RobotoCondensed-LightItalic.ttf in Resources */,
				0F2164C01B988E10000BC826 /* Roboto-BlackItalic.ttf in Resources */,
				F0571E031997B84600F516C5 /* Images.xcassets in Resources */,
				0F2164CE1B988E10000BC826 /* RobotoCondensed-Light.ttf in Resources */,
				0F2164C81B988E10000BC826 /* Roboto-Regular.ttf in Resources */,
				0F2164CA1B988E10000BC826 /* Roboto-ThinItalic.ttf in Resources */,
				0F2164C41B988E10000BC826 /* Roboto-Light.ttf in Resources */,
				0F2164CD1B988E10000BC826 /* RobotoCondensed-Italic.ttf in Resources */,
				0F2164C21B988E10000BC826 /* Roboto-BoldItalic.ttf in Resources */,
				0F2164C51B988E10000BC826 /* Roboto-LightItalic.ttf in Resources */,
				0F2164C31B988E10000BC826 /* Roboto-Italic.ttf in Resources */,
				0F2164C91B988E10000BC826 /* Roboto-Thin.ttf in Resources */,
				0F2164BF1B988E10000BC826 /* Roboto-Black.ttf in Resources */,
				0FECB5871CF3575300B6C43B /* walker_selected@3x.png in Resources */,
				0F2164CC1B988E10000BC826 /* RobotoCondensed-BoldItalic.ttf in Resources */,
				0FECB5841CF3575300B6C43B /* nomad_selected@3x.png in Resources */,
				0FECB5851CF3575300B6C43B /* walker_selected.png in Resources */,
			);
			runOnlyForDeploymentPostprocessing = 0;
		};
		F0571E061997B84700F516C5 /* Resources */ = {
			isa = PBXResourcesBuildPhase;
			buildActionMask = 2147483647;
			files = (
			);
			runOnlyForDeploymentPostprocessing = 0;
		};
/* End PBXResourcesBuildPhase section */

/* Begin PBXShellScriptBuildPhase section */
		0F3438DA1E9414D300C35B87 /* ShellScript */ = {
			isa = PBXShellScriptBuildPhase;
			buildActionMask = 2147483647;
			files = (
			);
			inputPaths = (
			);
			outputPaths = (
			);
			runOnlyForDeploymentPostprocessing = 0;
			shellPath = /bin/sh;
			shellScript = "./Fabric.framework/run b4dc56ccc9067457c8ae49964d2a317e82625d59 c56bc73cb7b7bbb6a5ffc77a61d0b0e23d48cdb8c0d99806c457bf85b72ae6a9\n";
		};
/* End PBXShellScriptBuildPhase section */

/* Begin PBXSourcesBuildPhase section */
		F0571DEE1997B84600F516C5 /* Sources */ = {
			isa = PBXSourcesBuildPhase;
			buildActionMask = 2147483647;
			files = (
				F0571DFE1997B84600F516C5 /* ViewController.m in Sources */,
				0FE43F201B9F294E000A954A /* MGSwipeTableCell.m in Sources */,
				0F2164E01B98AD99000BC826 /* Popup.m in Sources */,
				F083479F199AF8900002180E /* AppDelegate.mm in Sources */,
				0F2656FD1B9A3E8100DAD1ED /* CustomPopoverController.m in Sources */,
				F0571DF81997B84600F516C5 /* main.m in Sources */,
				0F63298E1CC7038A00C9DB2B /* UIDownPicker.m in Sources */,
				0F63298D1CC7038A00C9DB2B /* DownPicker.m in Sources */,
				0FE43F1F1B9F294E000A954A /* MGSwipeButton.m in Sources */,
			);
			runOnlyForDeploymentPostprocessing = 0;
		};
		F0571E041997B84700F516C5 /* Sources */ = {
			isa = PBXSourcesBuildPhase;
			buildActionMask = 2147483647;
			files = (
				F0571E0F1997B84700F516C5 /* BancomerMovilTests.m in Sources */,
			);
			runOnlyForDeploymentPostprocessing = 0;
		};
/* End PBXSourcesBuildPhase section */

/* Begin PBXTargetDependency section */
		F02F27251997BDB200813BA7 /* PBXTargetDependency */ = {
			isa = PBXTargetDependency;
			target = F0571DF11997B84600F516C5 /* Nomad-Example-ObjC */;
			targetProxy = F02F27241997BDB200813BA7 /* PBXContainerItemProxy */;
		};
		F0571E0A1997B84700F516C5 /* PBXTargetDependency */ = {
			isa = PBXTargetDependency;
			target = F0571DF11997B84600F516C5 /* Nomad-Example-ObjC */;
			targetProxy = F0571E091997B84700F516C5 /* PBXContainerItemProxy */;
		};
/* End PBXTargetDependency section */

/* Begin PBXVariantGroup section */
		F0571DFF1997B84600F516C5 /* Main.storyboard */ = {
			isa = PBXVariantGroup;
			children = (
				F0571E001997B84600F516C5 /* Base */,
			);
			name = Main.storyboard;
			sourceTree = "<group>";
		};
/* End PBXVariantGroup section */

/* Begin XCBuildConfiguration section */
		F0571E101997B84700F516C5 /* Debug */ = {
			isa = XCBuildConfiguration;
			buildSettings = {
				ALWAYS_SEARCH_USER_PATHS = NO;
				CLANG_CXX_LANGUAGE_STANDARD = "gnu++0x";
				CLANG_CXX_LIBRARY = "libc++";
				CLANG_ENABLE_MODULES = YES;
				CLANG_ENABLE_OBJC_ARC = YES;
				CLANG_WARN_BLOCK_CAPTURE_AUTORELEASING = YES;
				CLANG_WARN_BOOL_CONVERSION = YES;
				CLANG_WARN_COMMA = YES;
				CLANG_WARN_CONSTANT_CONVERSION = YES;
				CLANG_WARN_DEPRECATED_OBJC_IMPLEMENTATIONS = YES;
				CLANG_WARN_DIRECT_OBJC_ISA_USAGE = YES_ERROR;
				CLANG_WARN_EMPTY_BODY = YES;
				CLANG_WARN_ENUM_CONVERSION = YES;
				CLANG_WARN_INFINITE_RECURSION = YES;
				CLANG_WARN_INT_CONVERSION = YES;
				CLANG_WARN_NON_LITERAL_NULL_CONVERSION = YES;
				CLANG_WARN_OBJC_IMPLICIT_RETAIN_SELF = YES;
				CLANG_WARN_OBJC_LITERAL_CONVERSION = YES;
				CLANG_WARN_OBJC_ROOT_CLASS = YES_ERROR;
				CLANG_WARN_RANGE_LOOP_ANALYSIS = YES;
				CLANG_WARN_STRICT_PROTOTYPES = YES;
				CLANG_WARN_SUSPICIOUS_MOVE = YES;
				CLANG_WARN_UNREACHABLE_CODE = YES;
				CLANG_WARN__DUPLICATE_METHOD_MATCH = YES;
				"CODE_SIGN_IDENTITY[sdk=iphoneos*]" = "iPhone Developer";
				COPY_PHASE_STRIP = NO;
				ENABLE_BITCODE = NO;
				ENABLE_STRICT_OBJC_MSGSEND = YES;
				ENABLE_TESTABILITY = YES;
				GCC_C_LANGUAGE_STANDARD = gnu99;
				GCC_DYNAMIC_NO_PIC = NO;
				GCC_NO_COMMON_BLOCKS = YES;
				GCC_OPTIMIZATION_LEVEL = 0;
				GCC_PREPROCESSOR_DEFINITIONS = (
					"DEBUG=1",
					"$(inherited)",
				);
				GCC_SYMBOLS_PRIVATE_EXTERN = NO;
				GCC_WARN_64_TO_32_BIT_CONVERSION = YES;
				GCC_WARN_ABOUT_RETURN_TYPE = YES_ERROR;
				GCC_WARN_UNDECLARED_SELECTOR = YES;
				GCC_WARN_UNINITIALIZED_AUTOS = YES_AGGRESSIVE;
				GCC_WARN_UNUSED_FUNCTION = YES;
				GCC_WARN_UNUSED_VARIABLE = YES;
				IPHONEOS_DEPLOYMENT_TARGET = 8.0;
				MTL_ENABLE_DEBUG_INFO = YES;
				ONLY_ACTIVE_ARCH = YES;
				OTHER_LDFLAGS = "-ObjC";
				SDKROOT = iphoneos;
				TARGETED_DEVICE_FAMILY = "1,2";
			};
			name = Debug;
		};
		F0571E111997B84700F516C5 /* Release */ = {
			isa = XCBuildConfiguration;
			buildSettings = {
				ALWAYS_SEARCH_USER_PATHS = NO;
				CLANG_CXX_LANGUAGE_STANDARD = "gnu++0x";
				CLANG_CXX_LIBRARY = "libc++";
				CLANG_ENABLE_MODULES = YES;
				CLANG_ENABLE_OBJC_ARC = YES;
				CLANG_WARN_BLOCK_CAPTURE_AUTORELEASING = YES;
				CLANG_WARN_BOOL_CONVERSION = YES;
				CLANG_WARN_COMMA = YES;
				CLANG_WARN_CONSTANT_CONVERSION = YES;
				CLANG_WARN_DEPRECATED_OBJC_IMPLEMENTATIONS = YES;
				CLANG_WARN_DIRECT_OBJC_ISA_USAGE = YES_ERROR;
				CLANG_WARN_EMPTY_BODY = YES;
				CLANG_WARN_ENUM_CONVERSION = YES;
				CLANG_WARN_INFINITE_RECURSION = YES;
				CLANG_WARN_INT_CONVERSION = YES;
				CLANG_WARN_NON_LITERAL_NULL_CONVERSION = YES;
				CLANG_WARN_OBJC_IMPLICIT_RETAIN_SELF = YES;
				CLANG_WARN_OBJC_LITERAL_CONVERSION = YES;
				CLANG_WARN_OBJC_ROOT_CLASS = YES_ERROR;
				CLANG_WARN_RANGE_LOOP_ANALYSIS = YES;
				CLANG_WARN_STRICT_PROTOTYPES = YES;
				CLANG_WARN_SUSPICIOUS_MOVE = YES;
				CLANG_WARN_UNREACHABLE_CODE = YES;
				CLANG_WARN__DUPLICATE_METHOD_MATCH = YES;
				"CODE_SIGN_IDENTITY[sdk=iphoneos*]" = "iPhone Developer";
				COPY_PHASE_STRIP = YES;
				ENABLE_BITCODE = NO;
				ENABLE_NS_ASSERTIONS = NO;
				ENABLE_STRICT_OBJC_MSGSEND = YES;
				GCC_C_LANGUAGE_STANDARD = gnu99;
				GCC_NO_COMMON_BLOCKS = YES;
				GCC_WARN_64_TO_32_BIT_CONVERSION = YES;
				GCC_WARN_ABOUT_RETURN_TYPE = YES_ERROR;
				GCC_WARN_UNDECLARED_SELECTOR = YES;
				GCC_WARN_UNINITIALIZED_AUTOS = YES_AGGRESSIVE;
				GCC_WARN_UNUSED_FUNCTION = YES;
				GCC_WARN_UNUSED_VARIABLE = YES;
				IPHONEOS_DEPLOYMENT_TARGET = 8.0;
				MTL_ENABLE_DEBUG_INFO = NO;
				ONLY_ACTIVE_ARCH = NO;
				OTHER_LDFLAGS = "-ObjC";
				SDKROOT = iphoneos;
				TARGETED_DEVICE_FAMILY = "1,2";
				VALIDATE_PRODUCT = YES;
			};
			name = Release;
		};
		F0571E131997B84700F516C5 /* Debug */ = {
			isa = XCBuildConfiguration;
			buildSettings = {
				ASSETCATALOG_COMPILER_APPICON_NAME = AppIcon;
				CLANG_CXX_LANGUAGE_STANDARD = "compiler-default";
				CLANG_CXX_LIBRARY = "libc++";
				CLANG_WARN_BLOCK_CAPTURE_AUTORELEASING = NO;
				CODE_SIGN_IDENTITY = "iPhone Developer: Ricardo Zertuche (PZQR7TC9N9)";
				"CODE_SIGN_IDENTITY[sdk=iphoneos*]" = "iPhone Developer";
				CODE_SIGN_STYLE = Automatic;
				DEVELOPMENT_TEAM = MJE87L4R92;
				ENABLE_BITCODE = NO;
				FRAMEWORK_SEARCH_PATHS = (
					"$(inherited)",
					"$(PROJECT_DIR)/BancomerMovil",
					"$(PROJECT_DIR)",
					"$(PROJECT_DIR)",
				);
				INFOPLIST_FILE = BancomerMovil/Info.plist;
				IPHONEOS_DEPLOYMENT_TARGET = 8.1;
				LD_RUNPATH_SEARCH_PATHS = "$(inherited) @executable_path/Frameworks";
				LIBRARY_SEARCH_PATHS = "$(inherited)";
				MACH_O_TYPE = mh_execute;
				ONLY_ACTIVE_ARCH = NO;
				OTHER_LDFLAGS = "-ObjC";
				PRODUCT_BUNDLE_IDENTIFIER = mpos.Flap;
				PRODUCT_NAME = "Nomad-Example-ObjC";
				PROVISIONING_PROFILE = "";
				PROVISIONING_PROFILE_SPECIFIER = "";
				TARGETED_DEVICE_FAMILY = "1,2";
				VALID_ARCHS = "armv7 armv7s arm64";
			};
			name = Debug;
		};
		F0571E141997B84700F516C5 /* Release */ = {
			isa = XCBuildConfiguration;
			buildSettings = {
				ASSETCATALOG_COMPILER_APPICON_NAME = AppIcon;
				CLANG_CXX_LANGUAGE_STANDARD = "compiler-default";
				CLANG_CXX_LIBRARY = "libc++";
				CLANG_WARN_BLOCK_CAPTURE_AUTORELEASING = NO;
				CODE_SIGN_IDENTITY = "iPhone Developer: Ricardo Zertuche (PZQR7TC9N9)";
				"CODE_SIGN_IDENTITY[sdk=iphoneos*]" = "iPhone Developer";
				CODE_SIGN_STYLE = Automatic;
				DEVELOPMENT_TEAM = MJE87L4R92;
				ENABLE_BITCODE = NO;
				FRAMEWORK_SEARCH_PATHS = (
					"$(inherited)",
					"$(PROJECT_DIR)/BancomerMovil",
					"$(PROJECT_DIR)",
					"$(PROJECT_DIR)",
				);
				INFOPLIST_FILE = BancomerMovil/Info.plist;
				IPHONEOS_DEPLOYMENT_TARGET = 8.1;
				LD_RUNPATH_SEARCH_PATHS = "$(inherited) @executable_path/Frameworks";
				LIBRARY_SEARCH_PATHS = "$(inherited)";
				MACH_O_TYPE = mh_execute;
				ONLY_ACTIVE_ARCH = NO;
				OTHER_LDFLAGS = "-ObjC";
				PRODUCT_BUNDLE_IDENTIFIER = mpos.Flap;
				PRODUCT_NAME = "Nomad-Example-ObjC";
				PROVISIONING_PROFILE = "";
				PROVISIONING_PROFILE_SPECIFIER = "";
				TARGETED_DEVICE_FAMILY = "1,2";
				VALID_ARCHS = "armv7 armv7s arm64";
			};
			name = Release;
		};
		F0571E161997B84700F516C5 /* Debug */ = {
			isa = XCBuildConfiguration;
			buildSettings = {
				BUNDLE_LOADER = "$(TEST_HOST)";
				FRAMEWORK_SEARCH_PATHS = (
					"$(SDKROOT)/Developer/Library/Frameworks",
					"$(inherited)",
					"$(PROJECT_DIR)",
				);
				GCC_PREPROCESSOR_DEFINITIONS = (
					"DEBUG=1",
					"$(inherited)",
				);
				INFOPLIST_FILE = BancomerMovilTests/Info.plist;
				IPHONEOS_DEPLOYMENT_TARGET = 8.0;
				LD_RUNPATH_SEARCH_PATHS = "$(inherited) @executable_path/Frameworks @loader_path/Frameworks";
				ONLY_ACTIVE_ARCH = NO;
				PRODUCT_BUNDLE_IDENTIFIER = "zertuche.${PRODUCT_NAME:rfc1034identifier}";
				PRODUCT_NAME = "Nomad-Example-ObjCTests";
				TEST_HOST = "$(BUILT_PRODUCTS_DIR)/Nomad-Example-ObjC.app/Nomad-Example-ObjC";
				VALID_ARCHS = "armv7 armv7s";
			};
			name = Debug;
		};
		F0571E171997B84700F516C5 /* Release */ = {
			isa = XCBuildConfiguration;
			buildSettings = {
				BUNDLE_LOADER = "$(TEST_HOST)";
				FRAMEWORK_SEARCH_PATHS = (
					"$(SDKROOT)/Developer/Library/Frameworks",
					"$(inherited)",
					"$(PROJECT_DIR)",
				);
				INFOPLIST_FILE = BancomerMovilTests/Info.plist;
				IPHONEOS_DEPLOYMENT_TARGET = 8.0;
				LD_RUNPATH_SEARCH_PATHS = "$(inherited) @executable_path/Frameworks @loader_path/Frameworks";
				ONLY_ACTIVE_ARCH = NO;
				PRODUCT_BUNDLE_IDENTIFIER = "zertuche.${PRODUCT_NAME:rfc1034identifier}";
				PRODUCT_NAME = "Nomad-Example-ObjCTests";
				TEST_HOST = "$(BUILT_PRODUCTS_DIR)/Nomad-Example-ObjC.app/Nomad-Example-ObjC";
				VALID_ARCHS = "armv7 armv7s";
			};
			name = Release;
		};
/* End XCBuildConfiguration section */

/* Begin XCConfigurationList section */
		F0571DED1997B84600F516C5 /* Build configuration list for PBXProject "Nomad-Example-ObjC" */ = {
			isa = XCConfigurationList;
			buildConfigurations = (
				F0571E101997B84700F516C5 /* Debug */,
				F0571E111997B84700F516C5 /* Release */,
			);
			defaultConfigurationIsVisible = 0;
			defaultConfigurationName = Release;
		};
		F0571E121997B84700F516C5 /* Build configuration list for PBXNativeTarget "Nomad-Example-ObjC" */ = {
			isa = XCConfigurationList;
			buildConfigurations = (
				F0571E131997B84700F516C5 /* Debug */,
				F0571E141997B84700F516C5 /* Release */,
			);
			defaultConfigurationIsVisible = 0;
			defaultConfigurationName = Release;
		};
		F0571E151997B84700F516C5 /* Build configuration list for PBXNativeTarget "Nomad-Example-ObjCTests" */ = {
			isa = XCConfigurationList;
			buildConfigurations = (
				F0571E161997B84700F516C5 /* Debug */,
				F0571E171997B84700F516C5 /* Release */,
			);
			defaultConfigurationIsVisible = 0;
			defaultConfigurationName = Release;
		};
/* End XCConfigurationList section */
	};
	rootObject = F0571DEA1997B84600F516C5 /* Project object */;
}
